// !$*UTF8*$!
{
	archiveVersion = 1;
	classes = {
	};
	objectVersion = 52;
	objects = {

/* Begin PBXBuildFile section */
		5C5533862671B1470083A2E9 /* User.swift in Sources */ = {isa = PBXBuildFile; fileRef = 5C5533852671B1470083A2E9 /* User.swift */; };
		5C55338D2671FAEF0083A2E9 /* MessageData.swift in Sources */ = {isa = PBXBuildFile; fileRef = 5C55338C2671FAEF0083A2E9 /* MessageData.swift */; };
		5C55338F267250750083A2E9 /* Message.swift in Sources */ = {isa = PBXBuildFile; fileRef = 5C55338E267250750083A2E9 /* Message.swift */; };
		5C55339226725B170083A2E9 /* MessageCell.swift in Sources */ = {isa = PBXBuildFile; fileRef = 5C55339126725B170083A2E9 /* MessageCell.swift */; };
		5C55339426725B310083A2E9 /* SendMessageCell.swift in Sources */ = {isa = PBXBuildFile; fileRef = 5C55339326725B310083A2E9 /* SendMessageCell.swift */; };
		5C55339626725B4D0083A2E9 /* ReceiveMessageCell.swift in Sources */ = {isa = PBXBuildFile; fileRef = 5C55339526725B4D0083A2E9 /* ReceiveMessageCell.swift */; };
		5C55339826725BCB0083A2E9 /* Response.swift in Sources */ = {isa = PBXBuildFile; fileRef = 5C55339726725BCB0083A2E9 /* Response.swift */; };
		5C55339A26725F230083A2E9 /* Utils.swift in Sources */ = {isa = PBXBuildFile; fileRef = 5C55339926725F230083A2E9 /* Utils.swift */; };
		5C55339D267345970083A2E9 /* Kingfisher in Frameworks */ = {isa = PBXBuildFile; productRef = 5C55339C267345970083A2E9 /* Kingfisher */; };
		5C7CE2532670B46300BE7FF7 /* AppDelegate.swift in Sources */ = {isa = PBXBuildFile; fileRef = 5C7CE2522670B46300BE7FF7 /* AppDelegate.swift */; };
		5C7CE2552670B46300BE7FF7 /* SceneDelegate.swift in Sources */ = {isa = PBXBuildFile; fileRef = 5C7CE2542670B46300BE7FF7 /* SceneDelegate.swift */; };
		5C7CE2572670B46300BE7FF7 /* ViewController.swift in Sources */ = {isa = PBXBuildFile; fileRef = 5C7CE2562670B46300BE7FF7 /* ViewController.swift */; };
		5C7CE25A2670B46300BE7FF7 /* Main.storyboard in Resources */ = {isa = PBXBuildFile; fileRef = 5C7CE2582670B46300BE7FF7 /* Main.storyboard */; };
		5C7CE25C2670B46D00BE7FF7 /* Assets.xcassets in Resources */ = {isa = PBXBuildFile; fileRef = 5C7CE25B2670B46D00BE7FF7 /* Assets.xcassets */; };
		5C7CE25F2670B46D00BE7FF7 /* LaunchScreen.storyboard in Resources */ = {isa = PBXBuildFile; fileRef = 5C7CE25D2670B46D00BE7FF7 /* LaunchScreen.storyboard */; };
		5C7CE26A2670B46E00BE7FF7 /* WebSocketClientTests.swift in Sources */ = {isa = PBXBuildFile; fileRef = 5C7CE2692670B46E00BE7FF7 /* WebSocketClientTests.swift */; };
		5C7CE2752670B46E00BE7FF7 /* WebSocketClientUITests.swift in Sources */ = {isa = PBXBuildFile; fileRef = 5C7CE2742670B46E00BE7FF7 /* WebSocketClientUITests.swift */; };
		5C7CE2842670C21B00BE7FF7 /* SnapKit in Frameworks */ = {isa = PBXBuildFile; productRef = 5C7CE2832670C21B00BE7FF7 /* SnapKit */; };
		5C7CE2872670C70C00BE7FF7 /* UIStackView+Extension.swift in Sources */ = {isa = PBXBuildFile; fileRef = 5C7CE2852670C70C00BE7FF7 /* UIStackView+Extension.swift */; };
		5C7CE2882670C70C00BE7FF7 /* UIView+Extension.swift in Sources */ = {isa = PBXBuildFile; fileRef = 5C7CE2862670C70C00BE7FF7 /* UIView+Extension.swift */; };
/* End PBXBuildFile section */

/* Begin PBXContainerItemProxy section */
		5C7CE2662670B46E00BE7FF7 /* PBXContainerItemProxy */ = {
			isa = PBXContainerItemProxy;
			containerPortal = 5C7CE2472670B46300BE7FF7 /* Project object */;
			proxyType = 1;
			remoteGlobalIDString = 5C7CE24E2670B46300BE7FF7;
			remoteInfo = WebSocketClient;
		};
		5C7CE2712670B46E00BE7FF7 /* PBXContainerItemProxy */ = {
			isa = PBXContainerItemProxy;
			containerPortal = 5C7CE2472670B46300BE7FF7 /* Project object */;
			proxyType = 1;
			remoteGlobalIDString = 5C7CE24E2670B46300BE7FF7;
			remoteInfo = WebSocketClient;
		};
/* End PBXContainerItemProxy section */

/* Begin PBXFileReference section */
		5C5533852671B1470083A2E9 /* User.swift */ = {isa = PBXFileReference; fileEncoding = 4; lastKnownFileType = sourcecode.swift; path = User.swift; sourceTree = "<group>"; };
		5C55338C2671FAEF0083A2E9 /* MessageData.swift */ = {isa = PBXFileReference; fileEncoding = 4; lastKnownFileType = sourcecode.swift; path = MessageData.swift; sourceTree = "<group>"; };
		5C55338E267250750083A2E9 /* Message.swift */ = {isa = PBXFileReference; lastKnownFileType = sourcecode.swift; path = Message.swift; sourceTree = "<group>"; };
		5C55339126725B170083A2E9 /* MessageCell.swift */ = {isa = PBXFileReference; lastKnownFileType = sourcecode.swift; path = MessageCell.swift; sourceTree = "<group>"; };
		5C55339326725B310083A2E9 /* SendMessageCell.swift */ = {isa = PBXFileReference; lastKnownFileType = sourcecode.swift; path = SendMessageCell.swift; sourceTree = "<group>"; };
		5C55339526725B4D0083A2E9 /* ReceiveMessageCell.swift */ = {isa = PBXFileReference; lastKnownFileType = sourcecode.swift; path = ReceiveMessageCell.swift; sourceTree = "<group>"; };
		5C55339726725BCB0083A2E9 /* Response.swift */ = {isa = PBXFileReference; lastKnownFileType = sourcecode.swift; path = Response.swift; sourceTree = "<group>"; };
		5C55339926725F230083A2E9 /* Utils.swift */ = {isa = PBXFileReference; lastKnownFileType = sourcecode.swift; path = Utils.swift; sourceTree = "<group>"; };
		5C7CE24F2670B46300BE7FF7 /* WebSocketClient.app */ = {isa = PBXFileReference; explicitFileType = wrapper.application; includeInIndex = 0; path = WebSocketClient.app; sourceTree = BUILT_PRODUCTS_DIR; };
		5C7CE2522670B46300BE7FF7 /* AppDelegate.swift */ = {isa = PBXFileReference; lastKnownFileType = sourcecode.swift; path = AppDelegate.swift; sourceTree = "<group>"; };
		5C7CE2542670B46300BE7FF7 /* SceneDelegate.swift */ = {isa = PBXFileReference; lastKnownFileType = sourcecode.swift; path = SceneDelegate.swift; sourceTree = "<group>"; };
		5C7CE2562670B46300BE7FF7 /* ViewController.swift */ = {isa = PBXFileReference; lastKnownFileType = sourcecode.swift; path = ViewController.swift; sourceTree = "<group>"; };
		5C7CE2592670B46300BE7FF7 /* Base */ = {isa = PBXFileReference; lastKnownFileType = file.storyboard; name = Base; path = Base.lproj/Main.storyboard; sourceTree = "<group>"; };
		5C7CE25B2670B46D00BE7FF7 /* Assets.xcassets */ = {isa = PBXFileReference; lastKnownFileType = folder.assetcatalog; path = Assets.xcassets; sourceTree = "<group>"; };
		5C7CE25E2670B46D00BE7FF7 /* Base */ = {isa = PBXFileReference; lastKnownFileType = file.storyboard; name = Base; path = Base.lproj/LaunchScreen.storyboard; sourceTree = "<group>"; };
		5C7CE2602670B46D00BE7FF7 /* Info.plist */ = {isa = PBXFileReference; lastKnownFileType = text.plist.xml; path = Info.plist; sourceTree = "<group>"; };
		5C7CE2652670B46E00BE7FF7 /* WebSocketClientTests.xctest */ = {isa = PBXFileReference; explicitFileType = wrapper.cfbundle; includeInIndex = 0; path = WebSocketClientTests.xctest; sourceTree = BUILT_PRODUCTS_DIR; };
		5C7CE2692670B46E00BE7FF7 /* WebSocketClientTests.swift */ = {isa = PBXFileReference; lastKnownFileType = sourcecode.swift; path = WebSocketClientTests.swift; sourceTree = "<group>"; };
		5C7CE26B2670B46E00BE7FF7 /* Info.plist */ = {isa = PBXFileReference; lastKnownFileType = text.plist.xml; path = Info.plist; sourceTree = "<group>"; };
		5C7CE2702670B46E00BE7FF7 /* WebSocketClientUITests.xctest */ = {isa = PBXFileReference; explicitFileType = wrapper.cfbundle; includeInIndex = 0; path = WebSocketClientUITests.xctest; sourceTree = BUILT_PRODUCTS_DIR; };
		5C7CE2742670B46E00BE7FF7 /* WebSocketClientUITests.swift */ = {isa = PBXFileReference; lastKnownFileType = sourcecode.swift; path = WebSocketClientUITests.swift; sourceTree = "<group>"; };
		5C7CE2762670B46E00BE7FF7 /* Info.plist */ = {isa = PBXFileReference; lastKnownFileType = text.plist.xml; path = Info.plist; sourceTree = "<group>"; };
		5C7CE2852670C70C00BE7FF7 /* UIStackView+Extension.swift */ = {isa = PBXFileReference; fileEncoding = 4; lastKnownFileType = sourcecode.swift; path = "UIStackView+Extension.swift"; sourceTree = "<group>"; };
		5C7CE2862670C70C00BE7FF7 /* UIView+Extension.swift */ = {isa = PBXFileReference; fileEncoding = 4; lastKnownFileType = sourcecode.swift; path = "UIView+Extension.swift"; sourceTree = "<group>"; };
/* End PBXFileReference section */

/* Begin PBXFrameworksBuildPhase section */
		5C7CE24C2670B46300BE7FF7 /* Frameworks */ = {
			isa = PBXFrameworksBuildPhase;
			buildActionMask = 2147483647;
			files = (
				5C55339D267345970083A2E9 /* Kingfisher in Frameworks */,
				5C7CE2842670C21B00BE7FF7 /* SnapKit in Frameworks */,
			);
			runOnlyForDeploymentPostprocessing = 0;
		};
		5C7CE2622670B46E00BE7FF7 /* Frameworks */ = {
			isa = PBXFrameworksBuildPhase;
			buildActionMask = 2147483647;
			files = (
			);
			runOnlyForDeploymentPostprocessing = 0;
		};
		5C7CE26D2670B46E00BE7FF7 /* Frameworks */ = {
			isa = PBXFrameworksBuildPhase;
			buildActionMask = 2147483647;
			files = (
			);
			runOnlyForDeploymentPostprocessing = 0;
		};
/* End PBXFrameworksBuildPhase section */

/* Begin PBXGroup section */
		5C5533872671B14B0083A2E9 /* Models */ = {
			isa = PBXGroup;
			children = (
				5C5533852671B1470083A2E9 /* User.swift */,
				5C55338C2671FAEF0083A2E9 /* MessageData.swift */,
				5C55338E267250750083A2E9 /* Message.swift */,
				5C55339726725BCB0083A2E9 /* Response.swift */,
			);
			path = Models;
			sourceTree = "<group>";
		};
		5C55339026725B060083A2E9 /* Views */ = {
			isa = PBXGroup;
			children = (
				5C55339126725B170083A2E9 /* MessageCell.swift */,
				5C55339326725B310083A2E9 /* SendMessageCell.swift */,
				5C55339526725B4D0083A2E9 /* ReceiveMessageCell.swift */,
			);
			path = Views;
			sourceTree = "<group>";
		};
		5C55339E267682D00083A2E9 /* ViewControllers */ = {
			isa = PBXGroup;
			children = (
				5C7CE2562670B46300BE7FF7 /* ViewController.swift */,
			);
			path = ViewControllers;
			sourceTree = "<group>";
		};
		5C55339F267682E20083A2E9 /* Extensions */ = {
			isa = PBXGroup;
			children = (
				5C7CE2852670C70C00BE7FF7 /* UIStackView+Extension.swift */,
				5C7CE2862670C70C00BE7FF7 /* UIView+Extension.swift */,
			);
			path = Extensions;
			sourceTree = "<group>";
		};
		5C7CE2462670B46200BE7FF7 = {
			isa = PBXGroup;
			children = (
				5C7CE2512670B46300BE7FF7 /* WebSocketClient */,
				5C7CE2682670B46E00BE7FF7 /* WebSocketClientTests */,
				5C7CE2732670B46E00BE7FF7 /* WebSocketClientUITests */,
				5C7CE2502670B46300BE7FF7 /* Products */,
			);
			sourceTree = "<group>";
		};
		5C7CE2502670B46300BE7FF7 /* Products */ = {
			isa = PBXGroup;
			children = (
				5C7CE24F2670B46300BE7FF7 /* WebSocketClient.app */,
				5C7CE2652670B46E00BE7FF7 /* WebSocketClientTests.xctest */,
				5C7CE2702670B46E00BE7FF7 /* WebSocketClientUITests.xctest */,
			);
			name = Products;
			sourceTree = "<group>";
		};
		5C7CE2512670B46300BE7FF7 /* WebSocketClient */ = {
			isa = PBXGroup;
			children = (
				5C55339F267682E20083A2E9 /* Extensions */,
				5C5533872671B14B0083A2E9 /* Models */,
				5C55339026725B060083A2E9 /* Views */,
				5C55339E267682D00083A2E9 /* ViewControllers */,
				5C7CE2522670B46300BE7FF7 /* AppDelegate.swift */,
				5C7CE2542670B46300BE7FF7 /* SceneDelegate.swift */,
				5C55339926725F230083A2E9 /* Utils.swift */,
				5C7CE2582670B46300BE7FF7 /* Main.storyboard */,
				5C7CE25B2670B46D00BE7FF7 /* Assets.xcassets */,
				5C7CE25D2670B46D00BE7FF7 /* LaunchScreen.storyboard */,
				5C7CE2602670B46D00BE7FF7 /* Info.plist */,
			);
			path = WebSocketClient;
			sourceTree = "<group>";
		};
		5C7CE2682670B46E00BE7FF7 /* WebSocketClientTests */ = {
			isa = PBXGroup;
			children = (
				5C7CE2692670B46E00BE7FF7 /* WebSocketClientTests.swift */,
				5C7CE26B2670B46E00BE7FF7 /* Info.plist */,
			);
			path = WebSocketClientTests;
			sourceTree = "<group>";
		};
		5C7CE2732670B46E00BE7FF7 /* WebSocketClientUITests */ = {
			isa = PBXGroup;
			children = (
				5C7CE2742670B46E00BE7FF7 /* WebSocketClientUITests.swift */,
				5C7CE2762670B46E00BE7FF7 /* Info.plist */,
			);
			path = WebSocketClientUITests;
			sourceTree = "<group>";
		};
/* End PBXGroup section */

/* Begin PBXNativeTarget section */
		5C7CE24E2670B46300BE7FF7 /* WebSocketClient */ = {
			isa = PBXNativeTarget;
			buildConfigurationList = 5C7CE2792670B46E00BE7FF7 /* Build configuration list for PBXNativeTarget "WebSocketClient" */;
			buildPhases = (
				5C7CE24B2670B46300BE7FF7 /* Sources */,
				5C7CE24C2670B46300BE7FF7 /* Frameworks */,
				5C7CE24D2670B46300BE7FF7 /* Resources */,
			);
			buildRules = (
			);
			dependencies = (
			);
			name = WebSocketClient;
			packageProductDependencies = (
				5C7CE2832670C21B00BE7FF7 /* SnapKit */,
				5C55339C267345970083A2E9 /* Kingfisher */,
			);
			productName = WebSocketClient;
			productReference = 5C7CE24F2670B46300BE7FF7 /* WebSocketClient.app */;
			productType = "com.apple.product-type.application";
		};
		5C7CE2642670B46E00BE7FF7 /* WebSocketClientTests */ = {
			isa = PBXNativeTarget;
			buildConfigurationList = 5C7CE27C2670B46E00BE7FF7 /* Build configuration list for PBXNativeTarget "WebSocketClientTests" */;
			buildPhases = (
				5C7CE2612670B46E00BE7FF7 /* Sources */,
				5C7CE2622670B46E00BE7FF7 /* Frameworks */,
				5C7CE2632670B46E00BE7FF7 /* Resources */,
			);
			buildRules = (
			);
			dependencies = (
				5C7CE2672670B46E00BE7FF7 /* PBXTargetDependency */,
			);
			name = WebSocketClientTests;
			productName = WebSocketClientTests;
			productReference = 5C7CE2652670B46E00BE7FF7 /* WebSocketClientTests.xctest */;
			productType = "com.apple.product-type.bundle.unit-test";
		};
		5C7CE26F2670B46E00BE7FF7 /* WebSocketClientUITests */ = {
			isa = PBXNativeTarget;
			buildConfigurationList = 5C7CE27F2670B46E00BE7FF7 /* Build configuration list for PBXNativeTarget "WebSocketClientUITests" */;
			buildPhases = (
				5C7CE26C2670B46E00BE7FF7 /* Sources */,
				5C7CE26D2670B46E00BE7FF7 /* Frameworks */,
				5C7CE26E2670B46E00BE7FF7 /* Resources */,
			);
			buildRules = (
			);
			dependencies = (
				5C7CE2722670B46E00BE7FF7 /* PBXTargetDependency */,
			);
			name = WebSocketClientUITests;
			productName = WebSocketClientUITests;
			productReference = 5C7CE2702670B46E00BE7FF7 /* WebSocketClientUITests.xctest */;
			productType = "com.apple.product-type.bundle.ui-testing";
		};
/* End PBXNativeTarget section */

/* Begin PBXProject section */
		5C7CE2472670B46300BE7FF7 /* Project object */ = {
			isa = PBXProject;
			attributes = {
				LastSwiftUpdateCheck = 1250;
				LastUpgradeCheck = 1250;
				TargetAttributes = {
					5C7CE24E2670B46300BE7FF7 = {
						CreatedOnToolsVersion = 12.5;
					};
					5C7CE2642670B46E00BE7FF7 = {
						CreatedOnToolsVersion = 12.5;
						TestTargetID = 5C7CE24E2670B46300BE7FF7;
					};
					5C7CE26F2670B46E00BE7FF7 = {
						CreatedOnToolsVersion = 12.5;
						TestTargetID = 5C7CE24E2670B46300BE7FF7;
					};
				};
			};
			buildConfigurationList = 5C7CE24A2670B46300BE7FF7 /* Build configuration list for PBXProject "WebSocketClient" */;
			compatibilityVersion = "Xcode 9.3";
			developmentRegion = en;
			hasScannedForEncodings = 0;
			knownRegions = (
				en,
				Base,
			);
			mainGroup = 5C7CE2462670B46200BE7FF7;
			packageReferences = (
				5C7CE2822670C21A00BE7FF7 /* XCRemoteSwiftPackageReference "snapkit" */,
				5C55339B267345970083A2E9 /* XCRemoteSwiftPackageReference "Kingfisher" */,
			);
			productRefGroup = 5C7CE2502670B46300BE7FF7 /* Products */;
			projectDirPath = "";
			projectRoot = "";
			targets = (
				5C7CE24E2670B46300BE7FF7 /* WebSocketClient */,
				5C7CE2642670B46E00BE7FF7 /* WebSocketClientTests */,
				5C7CE26F2670B46E00BE7FF7 /* WebSocketClientUITests */,
			);
		};
/* End PBXProject section */

/* Begin PBXResourcesBuildPhase section */
		5C7CE24D2670B46300BE7FF7 /* Resources */ = {
			isa = PBXResourcesBuildPhase;
			buildActionMask = 2147483647;
			files = (
				5C7CE25F2670B46D00BE7FF7 /* LaunchScreen.storyboard in Resources */,
				5C7CE25C2670B46D00BE7FF7 /* Assets.xcassets in Resources */,
				5C7CE25A2670B46300BE7FF7 /* Main.storyboard in Resources */,
			);
			runOnlyForDeploymentPostprocessing = 0;
		};
		5C7CE2632670B46E00BE7FF7 /* Resources */ = {
			isa = PBXResourcesBuildPhase;
			buildActionMask = 2147483647;
			files = (
			);
			runOnlyForDeploymentPostprocessing = 0;
		};
		5C7CE26E2670B46E00BE7FF7 /* Resources */ = {
			isa = PBXResourcesBuildPhase;
			buildActionMask = 2147483647;
			files = (
			);
			runOnlyForDeploymentPostprocessing = 0;
		};
/* End PBXResourcesBuildPhase section */

/* Begin PBXSourcesBuildPhase section */
		5C7CE24B2670B46300BE7FF7 /* Sources */ = {
			isa = PBXSourcesBuildPhase;
			buildActionMask = 2147483647;
			files = (
				5C7CE2572670B46300BE7FF7 /* ViewController.swift in Sources */,
				5C55339426725B310083A2E9 /* SendMessageCell.swift in Sources */,
				5C7CE2872670C70C00BE7FF7 /* UIStackView+Extension.swift in Sources */,
				5C55338D2671FAEF0083A2E9 /* MessageData.swift in Sources */,
				5C55339826725BCB0083A2E9 /* Response.swift in Sources */,
				5C55339A26725F230083A2E9 /* Utils.swift in Sources */,
				5C5533862671B1470083A2E9 /* User.swift in Sources */,
				5C7CE2532670B46300BE7FF7 /* AppDelegate.swift in Sources */,
				5C55338F267250750083A2E9 /* Message.swift in Sources */,
				5C55339626725B4D0083A2E9 /* ReceiveMessageCell.swift in Sources */,
				5C7CE2882670C70C00BE7FF7 /* UIView+Extension.swift in Sources */,
				5C7CE2552670B46300BE7FF7 /* SceneDelegate.swift in Sources */,
				5C55339226725B170083A2E9 /* MessageCell.swift in Sources */,
			);
			runOnlyForDeploymentPostprocessing = 0;
		};
		5C7CE2612670B46E00BE7FF7 /* Sources */ = {
			isa = PBXSourcesBuildPhase;
			buildActionMask = 2147483647;
			files = (
				5C7CE26A2670B46E00BE7FF7 /* WebSocketClientTests.swift in Sources */,
			);
			runOnlyForDeploymentPostprocessing = 0;
		};
		5C7CE26C2670B46E00BE7FF7 /* Sources */ = {
			isa = PBXSourcesBuildPhase;
			buildActionMask = 2147483647;
			files = (
				5C7CE2752670B46E00BE7FF7 /* WebSocketClientUITests.swift in Sources */,
			);
			runOnlyForDeploymentPostprocessing = 0;
		};
/* End PBXSourcesBuildPhase section */

/* Begin PBXTargetDependency section */
		5C7CE2672670B46E00BE7FF7 /* PBXTargetDependency */ = {
			isa = PBXTargetDependency;
			target = 5C7CE24E2670B46300BE7FF7 /* WebSocketClient */;
			targetProxy = 5C7CE2662670B46E00BE7FF7 /* PBXContainerItemProxy */;
		};
		5C7CE2722670B46E00BE7FF7 /* PBXTargetDependency */ = {
			isa = PBXTargetDependency;
			target = 5C7CE24E2670B46300BE7FF7 /* WebSocketClient */;
			targetProxy = 5C7CE2712670B46E00BE7FF7 /* PBXContainerItemProxy */;
		};
/* End PBXTargetDependency section */

/* Begin PBXVariantGroup section */
		5C7CE2582670B46300BE7FF7 /* Main.storyboard */ = {
			isa = PBXVariantGroup;
			children = (
				5C7CE2592670B46300BE7FF7 /* Base */,
			);
			name = Main.storyboard;
			sourceTree = "<group>";
		};
		5C7CE25D2670B46D00BE7FF7 /* LaunchScreen.storyboard */ = {
			isa = PBXVariantGroup;
			children = (
				5C7CE25E2670B46D00BE7FF7 /* Base */,
			);
			name = LaunchScreen.storyboard;
			sourceTree = "<group>";
		};
/* End PBXVariantGroup section */

/* Begin XCBuildConfiguration section */
		5C7CE2772670B46E00BE7FF7 /* Debug */ = {
			isa = XCBuildConfiguration;
			buildSettings = {
				ALWAYS_SEARCH_USER_PATHS = NO;
				CLANG_ANALYZER_NONNULL = YES;
				CLANG_ANALYZER_NUMBER_OBJECT_CONVERSION = YES_AGGRESSIVE;
				CLANG_CXX_LANGUAGE_STANDARD = "gnu++14";
				CLANG_CXX_LIBRARY = "libc++";
				CLANG_ENABLE_MODULES = YES;
				CLANG_ENABLE_OBJC_ARC = YES;
				CLANG_ENABLE_OBJC_WEAK = YES;
				CLANG_WARN_BLOCK_CAPTURE_AUTORELEASING = YES;
				CLANG_WARN_BOOL_CONVERSION = YES;
				CLANG_WARN_COMMA = YES;
				CLANG_WARN_CONSTANT_CONVERSION = YES;
				CLANG_WARN_DEPRECATED_OBJC_IMPLEMENTATIONS = YES;
				CLANG_WARN_DIRECT_OBJC_ISA_USAGE = YES_ERROR;
				CLANG_WARN_DOCUMENTATION_COMMENTS = YES;
				CLANG_WARN_EMPTY_BODY = YES;
				CLANG_WARN_ENUM_CONVERSION = YES;
				CLANG_WARN_INFINITE_RECURSION = YES;
				CLANG_WARN_INT_CONVERSION = YES;
				CLANG_WARN_NON_LITERAL_NULL_CONVERSION = YES;
				CLANG_WARN_OBJC_IMPLICIT_RETAIN_SELF = YES;
				CLANG_WARN_OBJC_LITERAL_CONVERSION = YES;
				CLANG_WARN_OBJC_ROOT_CLASS = YES_ERROR;
				CLANG_WARN_QUOTED_INCLUDE_IN_FRAMEWORK_HEADER = YES;
				CLANG_WARN_RANGE_LOOP_ANALYSIS = YES;
				CLANG_WARN_STRICT_PROTOTYPES = YES;
				CLANG_WARN_SUSPICIOUS_MOVE = YES;
				CLANG_WARN_UNGUARDED_AVAILABILITY = YES_AGGRESSIVE;
				CLANG_WARN_UNREACHABLE_CODE = YES;
				CLANG_WARN__DUPLICATE_METHOD_MATCH = YES;
				COPY_PHASE_STRIP = NO;
				DEBUG_INFORMATION_FORMAT = dwarf;
				ENABLE_STRICT_OBJC_MSGSEND = YES;
				ENABLE_TESTABILITY = YES;
				GCC_C_LANGUAGE_STANDARD = gnu11;
				GCC_DYNAMIC_NO_PIC = NO;
				GCC_NO_COMMON_BLOCKS = YES;
				GCC_OPTIMIZATION_LEVEL = 0;
				GCC_PREPROCESSOR_DEFINITIONS = (
					"DEBUG=1",
					"$(inherited)",
				);
				GCC_WARN_64_TO_32_BIT_CONVERSION = YES;
				GCC_WARN_ABOUT_RETURN_TYPE = YES_ERROR;
				GCC_WARN_UNDECLARED_SELECTOR = YES;
				GCC_WARN_UNINITIALIZED_AUTOS = YES_AGGRESSIVE;
				GCC_WARN_UNUSED_FUNCTION = YES;
				GCC_WARN_UNUSED_VARIABLE = YES;
				IPHONEOS_DEPLOYMENT_TARGET = 14.5;
				MTL_ENABLE_DEBUG_INFO = INCLUDE_SOURCE;
				MTL_FAST_MATH = YES;
				ONLY_ACTIVE_ARCH = YES;
				SDKROOT = iphoneos;
				SWIFT_ACTIVE_COMPILATION_CONDITIONS = DEBUG;
				SWIFT_OPTIMIZATION_LEVEL = "-Onone";
			};
			name = Debug;
		};
		5C7CE2782670B46E00BE7FF7 /* Release */ = {
			isa = XCBuildConfiguration;
			buildSettings = {
				ALWAYS_SEARCH_USER_PATHS = NO;
				CLANG_ANALYZER_NONNULL = YES;
				CLANG_ANALYZER_NUMBER_OBJECT_CONVERSION = YES_AGGRESSIVE;
				CLANG_CXX_LANGUAGE_STANDARD = "gnu++14";
				CLANG_CXX_LIBRARY = "libc++";
				CLANG_ENABLE_MODULES = YES;
				CLANG_ENABLE_OBJC_ARC = YES;
				CLANG_ENABLE_OBJC_WEAK = YES;
				CLANG_WARN_BLOCK_CAPTURE_AUTORELEASING = YES;
				CLANG_WARN_BOOL_CONVERSION = YES;
				CLANG_WARN_COMMA = YES;
				CLANG_WARN_CONSTANT_CONVERSION = YES;
				CLANG_WARN_DEPRECATED_OBJC_IMPLEMENTATIONS = YES;
				CLANG_WARN_DIRECT_OBJC_ISA_USAGE = YES_ERROR;
				CLANG_WARN_DOCUMENTATION_COMMENTS = YES;
				CLANG_WARN_EMPTY_BODY = YES;
				CLANG_WARN_ENUM_CONVERSION = YES;
				CLANG_WARN_INFINITE_RECURSION = YES;
				CLANG_WARN_INT_CONVERSION = YES;
				CLANG_WARN_NON_LITERAL_NULL_CONVERSION = YES;
				CLANG_WARN_OBJC_IMPLICIT_RETAIN_SELF = YES;
				CLANG_WARN_OBJC_LITERAL_CONVERSION = YES;
				CLANG_WARN_OBJC_ROOT_CLASS = YES_ERROR;
				CLANG_WARN_QUOTED_INCLUDE_IN_FRAMEWORK_HEADER = YES;
				CLANG_WARN_RANGE_LOOP_ANALYSIS = YES;
				CLANG_WARN_STRICT_PROTOTYPES = YES;
				CLANG_WARN_SUSPICIOUS_MOVE = YES;
				CLANG_WARN_UNGUARDED_AVAILABILITY = YES_AGGRESSIVE;
				CLANG_WARN_UNREACHABLE_CODE = YES;
				CLANG_WARN__DUPLICATE_METHOD_MATCH = YES;
				COPY_PHASE_STRIP = NO;
				DEBUG_INFORMATION_FORMAT = "dwarf-with-dsym";
				ENABLE_NS_ASSERTIONS = NO;
				ENABLE_STRICT_OBJC_MSGSEND = YES;
				GCC_C_LANGUAGE_STANDARD = gnu11;
				GCC_NO_COMMON_BLOCKS = YES;
				GCC_WARN_64_TO_32_BIT_CONVERSION = YES;
				GCC_WARN_ABOUT_RETURN_TYPE = YES_ERROR;
				GCC_WARN_UNDECLARED_SELECTOR = YES;
				GCC_WARN_UNINITIALIZED_AUTOS = YES_AGGRESSIVE;
				GCC_WARN_UNUSED_FUNCTION = YES;
				GCC_WARN_UNUSED_VARIABLE = YES;
				IPHONEOS_DEPLOYMENT_TARGET = 14.5;
				MTL_ENABLE_DEBUG_INFO = NO;
				MTL_FAST_MATH = YES;
				SDKROOT = iphoneos;
				SWIFT_COMPILATION_MODE = wholemodule;
				SWIFT_OPTIMIZATION_LEVEL = "-O";
				VALIDATE_PRODUCT = YES;
			};
			name = Release;
		};
		5C7CE27A2670B46E00BE7FF7 /* Debug */ = {
			isa = XCBuildConfiguration;
			buildSettings = {
				ASSETCATALOG_COMPILER_APPICON_NAME = AppIcon;
				ASSETCATALOG_COMPILER_GLOBAL_ACCENT_COLOR_NAME = AccentColor;
				CODE_SIGN_STYLE = Automatic;
				DEVELOPMENT_TEAM = D5AV3JUVQX;
				INFOPLIST_FILE = WebSocketClient/Info.plist;
				IPHONEOS_DEPLOYMENT_TARGET = 14.1;
				LD_RUNPATH_SEARCH_PATHS = (
					"$(inherited)",
					"@executable_path/Frameworks",
				);
				PRODUCT_BUNDLE_IDENTIFIER = com.lcrystal.www.WebSocketClient;
				PRODUCT_NAME = "$(TARGET_NAME)";
				SWIFT_VERSION = 5.0;
				TARGETED_DEVICE_FAMILY = "1,2";
			};
			name = Debug;
		};
		5C7CE27B2670B46E00BE7FF7 /* Release */ = {
			isa = XCBuildConfiguration;
			buildSettings = {
				ASSETCATALOG_COMPILER_APPICON_NAME = AppIcon;
				ASSETCATALOG_COMPILER_GLOBAL_ACCENT_COLOR_NAME = AccentColor;
				CODE_SIGN_STYLE = Automatic;
				DEVELOPMENT_TEAM = D5AV3JUVQX;
				INFOPLIST_FILE = WebSocketClient/Info.plist;
				IPHONEOS_DEPLOYMENT_TARGET = 14.1;
				LD_RUNPATH_SEARCH_PATHS = (
					"$(inherited)",
					"@executable_path/Frameworks",
				);
				PRODUCT_BUNDLE_IDENTIFIER = com.lcrystal.www.WebSocketClient;
				PRODUCT_NAME = "$(TARGET_NAME)";
				SWIFT_VERSION = 5.0;
				TARGETED_DEVICE_FAMILY = "1,2";
			};
			name = Release;
		};
		5C7CE27D2670B46E00BE7FF7 /* Debug */ = {
			isa = XCBuildConfiguration;
			buildSettings = {
				ALWAYS_EMBED_SWIFT_STANDARD_LIBRARIES = YES;
				BUNDLE_LOADER = "$(TEST_HOST)";
				CODE_SIGN_STYLE = Automatic;
				DEVELOPMENT_TEAM = D5AV3JUVQX;
				INFOPLIST_FILE = WebSocketClientTests/Info.plist;
				IPHONEOS_DEPLOYMENT_TARGET = 14.5;
				LD_RUNPATH_SEARCH_PATHS = (
					"$(inherited)",
					"@executable_path/Frameworks",
					"@loader_path/Frameworks",
				);
				PRODUCT_BUNDLE_IDENTIFIER = com.lcrystal.www.WebSocketClientTests;
				PRODUCT_NAME = "$(TARGET_NAME)";
				SWIFT_VERSION = 5.0;
				TARGETED_DEVICE_FAMILY = "1,2";
				TEST_HOST = "$(BUILT_PRODUCTS_DIR)/WebSocketClient.app/WebSocketClient";
			};
			name = Debug;
		};
		5C7CE27E2670B46E00BE7FF7 /* Release */ = {
			isa = XCBuildConfiguration;
			buildSettings = {
				ALWAYS_EMBED_SWIFT_STANDARD_LIBRARIES = YES;
				BUNDLE_LOADER = "$(TEST_HOST)";
				CODE_SIGN_STYLE = Automatic;
				DEVELOPMENT_TEAM = D5AV3JUVQX;
				INFOPLIST_FILE = WebSocketClientTests/Info.plist;
				IPHONEOS_DEPLOYMENT_TARGET = 14.5;
				LD_RUNPATH_SEARCH_PATHS = (
					"$(inherited)",
					"@executable_path/Frameworks",
					"@loader_path/Frameworks",
				);
				PRODUCT_BUNDLE_IDENTIFIER = com.lcrystal.www.WebSocketClientTests;
				PRODUCT_NAME = "$(TARGET_NAME)";
				SWIFT_VERSION = 5.0;
				TARGETED_DEVICE_FAMILY = "1,2";
				TEST_HOST = "$(BUILT_PRODUCTS_DIR)/WebSocketClient.app/WebSocketClient";
			};
			name = Release;
		};
		5C7CE2802670B46E00BE7FF7 /* Debug */ = {
			isa = XCBuildConfiguration;
			buildSettings = {
				ALWAYS_EMBED_SWIFT_STANDARD_LIBRARIES = YES;
				CODE_SIGN_STYLE = Automatic;
				DEVELOPMENT_TEAM = D5AV3JUVQX;
				INFOPLIST_FILE = WebSocketClientUITests/Info.plist;
				LD_RUNPATH_SEARCH_PATHS = (
					"$(inherited)",
					"@executable_path/Frameworks",
					"@loader_path/Frameworks",
				);
				PRODUCT_BUNDLE_IDENTIFIER = com.lcrystal.www.WebSocketClientUITests;
				PRODUCT_NAME = "$(TARGET_NAME)";
				SWIFT_VERSION = 5.0;
				TARGETED_DEVICE_FAMILY = "1,2";
				TEST_TARGET_NAME = WebSocketClient;
			};
			name = Debug;
		};
		5C7CE2812670B46E00BE7FF7 /* Release */ = {
			isa = XCBuildConfiguration;
			buildSettings = {
				ALWAYS_EMBED_SWIFT_STANDARD_LIBRARIES = YES;
				CODE_SIGN_STYLE = Automatic;
				DEVELOPMENT_TEAM = D5AV3JUVQX;
				INFOPLIST_FILE = WebSocketClientUITests/Info.plist;
				LD_RUNPATH_SEARCH_PATHS = (
					"$(inherited)",
					"@executable_path/Frameworks",
					"@loader_path/Frameworks",
				);
				PRODUCT_BUNDLE_IDENTIFIER = com.lcrystal.www.WebSocketClientUITests;
				PRODUCT_NAME = "$(TARGET_NAME)";
				SWIFT_VERSION = 5.0;
				TARGETED_DEVICE_FAMILY = "1,2";
				TEST_TARGET_NAME = WebSocketClient;
			};
			name = Release;
		};
/* End XCBuildConfiguration section */

/* Begin XCConfigurationList section */
		5C7CE24A2670B46300BE7FF7 /* Build configuration list for PBXProject "WebSocketClient" */ = {
			isa = XCConfigurationList;
			buildConfigurations = (
				5C7CE2772670B46E00BE7FF7 /* Debug */,
				5C7CE2782670B46E00BE7FF7 /* Release */,
			);
			defaultConfigurationIsVisible = 0;
			defaultConfigurationName = Release;
		};
		5C7CE2792670B46E00BE7FF7 /* Build configuration list for PBXNativeTarget "WebSocketClient" */ = {
			isa = XCConfigurationList;
			buildConfigurations = (
				5C7CE27A2670B46E00BE7FF7 /* Debug */,
				5C7CE27B2670B46E00BE7FF7 /* Release */,
			);
			defaultConfigurationIsVisible = 0;
			defaultConfigurationName = Release;
		};
		5C7CE27C2670B46E00BE7FF7 /* Build configuration list for PBXNativeTarget "WebSocketClientTests" */ = {
			isa = XCConfigurationList;
			buildConfigurations = (
				5C7CE27D2670B46E00BE7FF7 /* Debug */,
				5C7CE27E2670B46E00BE7FF7 /* Release */,
			);
			defaultConfigurationIsVisible = 0;
			defaultConfigurationName = Release;
		};
		5C7CE27F2670B46E00BE7FF7 /* Build configuration list for PBXNativeTarget "WebSocketClientUITests" */ = {
			isa = XCConfigurationList;
			buildConfigurations = (
				5C7CE2802670B46E00BE7FF7 /* Debug */,
				5C7CE2812670B46E00BE7FF7 /* Release */,
			);
			defaultConfigurationIsVisible = 0;
			defaultConfigurationName = Release;
		};
/* End XCConfigurationList section */

/* Begin XCRemoteSwiftPackageReference section */
		5C55339B267345970083A2E9 /* XCRemoteSwiftPackageReference "Kingfisher" */ = {
			isa = XCRemoteSwiftPackageReference;
			repositoryURL = "git@github.com:onevcat/Kingfisher.git";
			requirement = {
				kind = upToNextMajorVersion;
				minimumVersion = 6.3.0;
			};
		};
		5C7CE2822670C21A00BE7FF7 /* XCRemoteSwiftPackageReference "snapkit" */ = {
			isa = XCRemoteSwiftPackageReference;
			repositoryURL = "https://github.com/snapkit/snapkit";
			requirement = {
				kind = upToNextMajorVersion;
				minimumVersion = 5.0.1;
			};
		};
/* End XCRemoteSwiftPackageReference section */

/* Begin XCSwiftPackageProductDependency section */
		5C55339C267345970083A2E9 /* Kingfisher */ = {
			isa = XCSwiftPackageProductDependency;
			package = 5C55339B267345970083A2E9 /* XCRemoteSwiftPackageReference "Kingfisher" */;
			productName = Kingfisher;
		};
		5C7CE2832670C21B00BE7FF7 /* SnapKit */ = {
			isa = XCSwiftPackageProductDependency;
			package = 5C7CE2822670C21A00BE7FF7 /* XCRemoteSwiftPackageReference "snapkit" */;
			productName = SnapKit;
		};
/* End XCSwiftPackageProductDependency section */
	};
	rootObject = 5C7CE2472670B46300BE7FF7 /* Project object */;
}
